// !$*UTF8*$!
{
	archiveVersion = 1;
	classes = {
	};
	objectVersion = 56;
	objects = {

/* Begin PBXBuildFile section */
		1D9050DC295208A300F6B816 /* Feature.docc in Sources */ = {isa = PBXBuildFile; fileRef = 1D9050DB295208A300F6B816 /* Feature.docc */; };
		1D9050E2295208A300F6B816 /* Feature.framework in Frameworks */ = {isa = PBXBuildFile; fileRef = 1D9050D7295208A300F6B816 /* Feature.framework */; };
		1D9050E7295208A300F6B816 /* FeatureTests.swift in Sources */ = {isa = PBXBuildFile; fileRef = 1D9050E6295208A300F6B816 /* FeatureTests.swift */; };
		1D9050E8295208A300F6B816 /* Feature.h in Headers */ = {isa = PBXBuildFile; fileRef = 1D9050DA295208A300F6B816 /* Feature.h */; settings = {ATTRIBUTES = (Public, ); }; };
		1D99961C29520993003AC147 /* SomeFeatureViewController.swift in Sources */ = {isa = PBXBuildFile; fileRef = 1D99961B29520993003AC147 /* SomeFeatureViewController.swift */; };
		1D99961E2952099D003AC147 /* SomeFeatureInteractor.swift in Sources */ = {isa = PBXBuildFile; fileRef = 1D99961D2952099D003AC147 /* SomeFeatureInteractor.swift */; };
		1D999620295209A5003AC147 /* SomeFeaturePresenter.swift in Sources */ = {isa = PBXBuildFile; fileRef = 1D99961F295209A5003AC147 /* SomeFeaturePresenter.swift */; };
		1D99962229520A89003AC147 /* SomeFeatureFactory.swift in Sources */ = {isa = PBXBuildFile; fileRef = 1D99962129520A89003AC147 /* SomeFeatureFactory.swift */; };
		1D99962529520B29003AC147 /* DependencyContainer.swift in Sources */ = {isa = PBXBuildFile; fileRef = 1D99962429520B29003AC147 /* DependencyContainer.swift */; };
		64E6E4A215A0ABAE8DA67988 /* Pods_Feature.framework in Frameworks */ = {isa = PBXBuildFile; fileRef = 27219A31C3D963A78CE0EAC9 /* Pods_Feature.framework */; };
/* End PBXBuildFile section */

/* Begin PBXContainerItemProxy section */
		1D9050E3295208A300F6B816 /* PBXContainerItemProxy */ = {
			isa = PBXContainerItemProxy;
			containerPortal = 1D9050CE295208A300F6B816 /* Project object */;
			proxyType = 1;
			remoteGlobalIDString = 1D9050D6295208A300F6B816;
			remoteInfo = Feature;
		};
/* End PBXContainerItemProxy section */

/* Begin PBXFileReference section */
		1D9050D7295208A300F6B816 /* Feature.framework */ = {isa = PBXFileReference; explicitFileType = wrapper.framework; includeInIndex = 0; path = Feature.framework; sourceTree = BUILT_PRODUCTS_DIR; };
		1D9050DA295208A300F6B816 /* Feature.h */ = {isa = PBXFileReference; lastKnownFileType = sourcecode.c.h; path = Feature.h; sourceTree = "<group>"; };
		1D9050DB295208A300F6B816 /* Feature.docc */ = {isa = PBXFileReference; lastKnownFileType = folder.documentationcatalog; path = Feature.docc; sourceTree = "<group>"; };
		1D9050E1295208A300F6B816 /* FeatureTests.xctest */ = {isa = PBXFileReference; explicitFileType = wrapper.cfbundle; includeInIndex = 0; path = FeatureTests.xctest; sourceTree = BUILT_PRODUCTS_DIR; };
		1D9050E6295208A300F6B816 /* FeatureTests.swift */ = {isa = PBXFileReference; lastKnownFileType = sourcecode.swift; path = FeatureTests.swift; sourceTree = "<group>"; };
		1D99961B29520993003AC147 /* SomeFeatureViewController.swift */ = {isa = PBXFileReference; lastKnownFileType = sourcecode.swift; path = SomeFeatureViewController.swift; sourceTree = "<group>"; };
		1D99961D2952099D003AC147 /* SomeFeatureInteractor.swift */ = {isa = PBXFileReference; lastKnownFileType = sourcecode.swift; path = SomeFeatureInteractor.swift; sourceTree = "<group>"; };
		1D99961F295209A5003AC147 /* SomeFeaturePresenter.swift */ = {isa = PBXFileReference; lastKnownFileType = sourcecode.swift; path = SomeFeaturePresenter.swift; sourceTree = "<group>"; };
		1D99962129520A89003AC147 /* SomeFeatureFactory.swift */ = {isa = PBXFileReference; lastKnownFileType = sourcecode.swift; path = SomeFeatureFactory.swift; sourceTree = "<group>"; };
		1D99962429520B29003AC147 /* DependencyContainer.swift */ = {isa = PBXFileReference; lastKnownFileType = sourcecode.swift; path = DependencyContainer.swift; sourceTree = "<group>"; };
		27219A31C3D963A78CE0EAC9 /* Pods_Feature.framework */ = {isa = PBXFileReference; explicitFileType = wrapper.framework; includeInIndex = 0; path = Pods_Feature.framework; sourceTree = BUILT_PRODUCTS_DIR; };
		5EDEB8C7C38F2479F8EF800B /* Pods-Feature.debug.xcconfig */ = {isa = PBXFileReference; includeInIndex = 1; lastKnownFileType = text.xcconfig; name = "Pods-Feature.debug.xcconfig"; path = "Target Support Files/Pods-Feature/Pods-Feature.debug.xcconfig"; sourceTree = "<group>"; };
		FE5C034287CD5DEDECD9B4CB /* Pods-Feature.release.xcconfig */ = {isa = PBXFileReference; includeInIndex = 1; lastKnownFileType = text.xcconfig; name = "Pods-Feature.release.xcconfig"; path = "Target Support Files/Pods-Feature/Pods-Feature.release.xcconfig"; sourceTree = "<group>"; };
/* End PBXFileReference section */

/* Begin PBXFrameworksBuildPhase section */
		1D9050D4295208A300F6B816 /* Frameworks */ = {
			isa = PBXFrameworksBuildPhase;
			buildActionMask = 2147483647;
			files = (
				64E6E4A215A0ABAE8DA67988 /* Pods_Feature.framework in Frameworks */,
			);
			runOnlyForDeploymentPostprocessing = 0;
		};
		1D9050DE295208A300F6B816 /* Frameworks */ = {
			isa = PBXFrameworksBuildPhase;
			buildActionMask = 2147483647;
			files = (
				1D9050E2295208A300F6B816 /* Feature.framework in Frameworks */,
			);
			runOnlyForDeploymentPostprocessing = 0;
		};
/* End PBXFrameworksBuildPhase section */

/* Begin PBXGroup section */
		1D9050CD295208A300F6B816 = {
			isa = PBXGroup;
			children = (
				1D9050D9295208A300F6B816 /* Feature */,
				1D9050E5295208A300F6B816 /* FeatureTests */,
				1D9050D8295208A300F6B816 /* Products */,
				42C9CB9EE8DD3C7A5AD3CEDC /* Pods */,
				5DD11FE9B2B904CABE7EC130 /* Frameworks */,
			);
			sourceTree = "<group>";
		};
		1D9050D8295208A300F6B816 /* Products */ = {
			isa = PBXGroup;
			children = (
				1D9050D7295208A300F6B816 /* Feature.framework */,
				1D9050E1295208A300F6B816 /* FeatureTests.xctest */,
			);
			name = Products;
			sourceTree = "<group>";
		};
		1D9050D9295208A300F6B816 /* Feature */ = {
			isa = PBXGroup;
			children = (
				1D9996192952097D003AC147 /* Scenes */,
				1D9050DA295208A300F6B816 /* Feature.h */,
				1D9050DB295208A300F6B816 /* Feature.docc */,
			);
			path = Feature;
			sourceTree = "<group>";
		};
		1D9050E5295208A300F6B816 /* FeatureTests */ = {
			isa = PBXGroup;
			children = (
				1D9050E6295208A300F6B816 /* FeatureTests.swift */,
			);
			path = FeatureTests;
			sourceTree = "<group>";
		};
		1D9996192952097D003AC147 /* Scenes */ = {
			isa = PBXGroup;
			children = (
				1D99962329520B01003AC147 /* Injection */,
				1D99961A29520986003AC147 /* SomeFeature */,
			);
			path = Scenes;
			sourceTree = "<group>";
		};
		1D99961A29520986003AC147 /* SomeFeature */ = {
			isa = PBXGroup;
			children = (
				1D99961B29520993003AC147 /* SomeFeatureViewController.swift */,
				1D99961D2952099D003AC147 /* SomeFeatureInteractor.swift */,
				1D99961F295209A5003AC147 /* SomeFeaturePresenter.swift */,
				1D99962129520A89003AC147 /* SomeFeatureFactory.swift */,
			);
			path = SomeFeature;
			sourceTree = "<group>";
		};
		1D99962329520B01003AC147 /* Injection */ = {
			isa = PBXGroup;
			children = (
				1D99962429520B29003AC147 /* DependencyContainer.swift */,
			);
			path = Injection;
			sourceTree = "<group>";
		};
		42C9CB9EE8DD3C7A5AD3CEDC /* Pods */ = {
			isa = PBXGroup;
			children = (
				5EDEB8C7C38F2479F8EF800B /* Pods-Feature.debug.xcconfig */,
				FE5C034287CD5DEDECD9B4CB /* Pods-Feature.release.xcconfig */,
			);
			name = Pods;
			path = ../Pods;
			sourceTree = "<group>";
		};
		5DD11FE9B2B904CABE7EC130 /* Frameworks */ = {
			isa = PBXGroup;
			children = (
				27219A31C3D963A78CE0EAC9 /* Pods_Feature.framework */,
			);
			name = Frameworks;
			sourceTree = "<group>";
		};
/* End PBXGroup section */

/* Begin PBXHeadersBuildPhase section */
		1D9050D2295208A300F6B816 /* Headers */ = {
			isa = PBXHeadersBuildPhase;
			buildActionMask = 2147483647;
			files = (
				1D9050E8295208A300F6B816 /* Feature.h in Headers */,
			);
			runOnlyForDeploymentPostprocessing = 0;
		};
/* End PBXHeadersBuildPhase section */

/* Begin PBXNativeTarget section */
		1D9050D6295208A300F6B816 /* Feature */ = {
			isa = PBXNativeTarget;
			buildConfigurationList = 1D9050EB295208A300F6B816 /* Build configuration list for PBXNativeTarget "Feature" */;
			buildPhases = (
				D6A52753A43ECC58A277AEEF /* [CP] Check Pods Manifest.lock */,
				1D9050D2295208A300F6B816 /* Headers */,
				1D9050D3295208A300F6B816 /* Sources */,
				1D9050D4295208A300F6B816 /* Frameworks */,
				1D9050D5295208A300F6B816 /* Resources */,
			);
			buildRules = (
			);
			dependencies = (
			);
			name = Feature;
			productName = Feature;
			productReference = 1D9050D7295208A300F6B816 /* Feature.framework */;
			productType = "com.apple.product-type.framework";
		};
		1D9050E0295208A300F6B816 /* FeatureTests */ = {
			isa = PBXNativeTarget;
			buildConfigurationList = 1D9050EE295208A300F6B816 /* Build configuration list for PBXNativeTarget "FeatureTests" */;
			buildPhases = (
				1D9050DD295208A300F6B816 /* Sources */,
				1D9050DE295208A300F6B816 /* Frameworks */,
				1D9050DF295208A300F6B816 /* Resources */,
			);
			buildRules = (
			);
			dependencies = (
				1D9050E4295208A300F6B816 /* PBXTargetDependency */,
			);
			name = FeatureTests;
			productName = FeatureTests;
			productReference = 1D9050E1295208A300F6B816 /* FeatureTests.xctest */;
			productType = "com.apple.product-type.bundle.unit-test";
		};
/* End PBXNativeTarget section */

/* Begin PBXProject section */
		1D9050CE295208A300F6B816 /* Project object */ = {
			isa = PBXProject;
			attributes = {
				BuildIndependentTargetsInParallel = 1;
				LastSwiftUpdateCheck = 1410;
				LastUpgradeCheck = 1410;
				TargetAttributes = {
					1D9050D6295208A300F6B816 = {
						CreatedOnToolsVersion = 14.1;
					};
					1D9050E0295208A300F6B816 = {
						CreatedOnToolsVersion = 14.1;
					};
				};
			};
			buildConfigurationList = 1D9050D1295208A300F6B816 /* Build configuration list for PBXProject "Feature" */;
			compatibilityVersion = "Xcode 14.0";
			developmentRegion = en;
			hasScannedForEncodings = 0;
			knownRegions = (
				en,
				Base,
			);
			mainGroup = 1D9050CD295208A300F6B816;
			productRefGroup = 1D9050D8295208A300F6B816 /* Products */;
			projectDirPath = "";
			projectRoot = "";
			targets = (
				1D9050D6295208A300F6B816 /* Feature */,
				1D9050E0295208A300F6B816 /* FeatureTests */,
			);
		};
/* End PBXProject section */

/* Begin PBXResourcesBuildPhase section */
		1D9050D5295208A300F6B816 /* Resources */ = {
			isa = PBXResourcesBuildPhase;
			buildActionMask = 2147483647;
			files = (
			);
			runOnlyForDeploymentPostprocessing = 0;
		};
		1D9050DF295208A300F6B816 /* Resources */ = {
			isa = PBXResourcesBuildPhase;
			buildActionMask = 2147483647;
			files = (
			);
			runOnlyForDeploymentPostprocessing = 0;
		};
/* End PBXResourcesBuildPhase section */

/* Begin PBXShellScriptBuildPhase section */
		D6A52753A43ECC58A277AEEF /* [CP] Check Pods Manifest.lock */ = {
			isa = PBXShellScriptBuildPhase;
			buildActionMask = 2147483647;
			files = (
			);
			inputFileListPaths = (
			);
			inputPaths = (
				"${PODS_PODFILE_DIR_PATH}/Podfile.lock",
				"${PODS_ROOT}/Manifest.lock",
			);
			name = "[CP] Check Pods Manifest.lock";
			outputFileListPaths = (
			);
			outputPaths = (
				"$(DERIVED_FILE_DIR)/Pods-Feature-checkManifestLockResult.txt",
			);
			runOnlyForDeploymentPostprocessing = 0;
			shellPath = /bin/sh;
			shellScript = "diff \"${PODS_PODFILE_DIR_PATH}/Podfile.lock\" \"${PODS_ROOT}/Manifest.lock\" > /dev/null\nif [ $? != 0 ] ; then\n    # print error to STDERR\n    echo \"error: The sandbox is not in sync with the Podfile.lock. Run 'pod install' or update your CocoaPods installation.\" >&2\n    exit 1\nfi\n# This output is used by Xcode 'outputs' to avoid re-running this script phase.\necho \"SUCCESS\" > \"${SCRIPT_OUTPUT_FILE_0}\"\n";
			showEnvVarsInLog = 0;
		};
/* End PBXShellScriptBuildPhase section */

/* Begin PBXSourcesBuildPhase section */
		1D9050D3295208A300F6B816 /* Sources */ = {
			isa = PBXSourcesBuildPhase;
			buildActionMask = 2147483647;
			files = (
				1D99961E2952099D003AC147 /* SomeFeatureInteractor.swift in Sources */,
				1D999620295209A5003AC147 /* SomeFeaturePresenter.swift in Sources */,
				1D9050DC295208A300F6B816 /* Feature.docc in Sources */,
				1D99961C29520993003AC147 /* SomeFeatureViewController.swift in Sources */,
				1D99962529520B29003AC147 /* DependencyContainer.swift in Sources */,
				1D99962229520A89003AC147 /* SomeFeatureFactory.swift in Sources */,
			);
			runOnlyForDeploymentPostprocessing = 0;
		};
		1D9050DD295208A300F6B816 /* Sources */ = {
			isa = PBXSourcesBuildPhase;
			buildActionMask = 2147483647;
			files = (
				1D9050E7295208A300F6B816 /* FeatureTests.swift in Sources */,
			);
			runOnlyForDeploymentPostprocessing = 0;
		};
/* End PBXSourcesBuildPhase section */

/* Begin PBXTargetDependency section */
		1D9050E4295208A300F6B816 /* PBXTargetDependency */ = {
			isa = PBXTargetDependency;
			target = 1D9050D6295208A300F6B816 /* Feature */;
			targetProxy = 1D9050E3295208A300F6B816 /* PBXContainerItemProxy */;
		};
/* End PBXTargetDependency section */

/* Begin XCBuildConfiguration section */
		1D9050E9295208A300F6B816 /* Debug */ = {
			isa = XCBuildConfiguration;
			buildSettings = {
				ALWAYS_SEARCH_USER_PATHS = NO;
				CLANG_ANALYZER_NONNULL = YES;
				CLANG_ANALYZER_NUMBER_OBJECT_CONVERSION = YES_AGGRESSIVE;
				CLANG_CXX_LANGUAGE_STANDARD = "gnu++20";
				CLANG_ENABLE_MODULES = YES;
				CLANG_ENABLE_OBJC_ARC = YES;
				CLANG_ENABLE_OBJC_WEAK = YES;
				CLANG_WARN_BLOCK_CAPTURE_AUTORELEASING = YES;
				CLANG_WARN_BOOL_CONVERSION = YES;
				CLANG_WARN_COMMA = YES;
				CLANG_WARN_CONSTANT_CONVERSION = YES;
				CLANG_WARN_DEPRECATED_OBJC_IMPLEMENTATIONS = YES;
				CLANG_WARN_DIRECT_OBJC_ISA_USAGE = YES_ERROR;
				CLANG_WARN_DOCUMENTATION_COMMENTS = YES;
				CLANG_WARN_EMPTY_BODY = YES;
				CLANG_WARN_ENUM_CONVERSION = YES;
				CLANG_WARN_INFINITE_RECURSION = YES;
				CLANG_WARN_INT_CONVERSION = YES;
				CLANG_WARN_NON_LITERAL_NULL_CONVERSION = YES;
				CLANG_WARN_OBJC_IMPLICIT_RETAIN_SELF = YES;
				CLANG_WARN_OBJC_LITERAL_CONVERSION = YES;
				CLANG_WARN_OBJC_ROOT_CLASS = YES_ERROR;
				CLANG_WARN_QUOTED_INCLUDE_IN_FRAMEWORK_HEADER = YES;
				CLANG_WARN_RANGE_LOOP_ANALYSIS = YES;
				CLANG_WARN_STRICT_PROTOTYPES = YES;
				CLANG_WARN_SUSPICIOUS_MOVE = YES;
				CLANG_WARN_UNGUARDED_AVAILABILITY = YES_AGGRESSIVE;
				CLANG_WARN_UNREACHABLE_CODE = YES;
				CLANG_WARN__DUPLICATE_METHOD_MATCH = YES;
				COPY_PHASE_STRIP = NO;
				CURRENT_PROJECT_VERSION = 1;
				DEBUG_INFORMATION_FORMAT = dwarf;
				ENABLE_STRICT_OBJC_MSGSEND = YES;
				ENABLE_TESTABILITY = YES;
				GCC_C_LANGUAGE_STANDARD = gnu11;
				GCC_DYNAMIC_NO_PIC = NO;
				GCC_NO_COMMON_BLOCKS = YES;
				GCC_OPTIMIZATION_LEVEL = 0;
				GCC_PREPROCESSOR_DEFINITIONS = (
					"DEBUG=1",
					"$(inherited)",
				);
				GCC_WARN_64_TO_32_BIT_CONVERSION = YES;
				GCC_WARN_ABOUT_RETURN_TYPE = YES_ERROR;
				GCC_WARN_UNDECLARED_SELECTOR = YES;
				GCC_WARN_UNINITIALIZED_AUTOS = YES_AGGRESSIVE;
				GCC_WARN_UNUSED_FUNCTION = YES;
				GCC_WARN_UNUSED_VARIABLE = YES;
				IPHONEOS_DEPLOYMENT_TARGET = 16.1;
				MTL_ENABLE_DEBUG_INFO = INCLUDE_SOURCE;
				MTL_FAST_MATH = YES;
				ONLY_ACTIVE_ARCH = YES;
				SDKROOT = iphoneos;
				SWIFT_ACTIVE_COMPILATION_CONDITIONS = DEBUG;
				SWIFT_OPTIMIZATION_LEVEL = "-Onone";
				VERSIONING_SYSTEM = "apple-generic";
				VERSION_INFO_PREFIX = "";
			};
			name = Debug;
		};
		1D9050EA295208A300F6B816 /* Release */ = {
			isa = XCBuildConfiguration;
			buildSettings = {
				ALWAYS_SEARCH_USER_PATHS = NO;
				CLANG_ANALYZER_NONNULL = YES;
				CLANG_ANALYZER_NUMBER_OBJECT_CONVERSION = YES_AGGRESSIVE;
				CLANG_CXX_LANGUAGE_STANDARD = "gnu++20";
				CLANG_ENABLE_MODULES = YES;
				CLANG_ENABLE_OBJC_ARC = YES;
				CLANG_ENABLE_OBJC_WEAK = YES;
				CLANG_WARN_BLOCK_CAPTURE_AUTORELEASING = YES;
				CLANG_WARN_BOOL_CONVERSION = YES;
				CLANG_WARN_COMMA = YES;
				CLANG_WARN_CONSTANT_CONVERSION = YES;
				CLANG_WARN_DEPRECATED_OBJC_IMPLEMENTATIONS = YES;
				CLANG_WARN_DIRECT_OBJC_ISA_USAGE = YES_ERROR;
				CLANG_WARN_DOCUMENTATION_COMMENTS = YES;
				CLANG_WARN_EMPTY_BODY = YES;
				CLANG_WARN_ENUM_CONVERSION = YES;
				CLANG_WARN_INFINITE_RECURSION = YES;
				CLANG_WARN_INT_CONVERSION = YES;
				CLANG_WARN_NON_LITERAL_NULL_CONVERSION = YES;
				CLANG_WARN_OBJC_IMPLICIT_RETAIN_SELF = YES;
				CLANG_WARN_OBJC_LITERAL_CONVERSION = YES;
				CLANG_WARN_OBJC_ROOT_CLASS = YES_ERROR;
				CLANG_WARN_QUOTED_INCLUDE_IN_FRAMEWORK_HEADER = YES;
				CLANG_WARN_RANGE_LOOP_ANALYSIS = YES;
				CLANG_WARN_STRICT_PROTOTYPES = YES;
				CLANG_WARN_SUSPICIOUS_MOVE = YES;
				CLANG_WARN_UNGUARDED_AVAILABILITY = YES_AGGRESSIVE;
				CLANG_WARN_UNREACHABLE_CODE = YES;
				CLANG_WARN__DUPLICATE_METHOD_MATCH = YES;
				COPY_PHASE_STRIP = NO;
				CURRENT_PROJECT_VERSION = 1;
				DEBUG_INFORMATION_FORMAT = "dwarf-with-dsym";
				ENABLE_NS_ASSERTIONS = NO;
				ENABLE_STRICT_OBJC_MSGSEND = YES;
				GCC_C_LANGUAGE_STANDARD = gnu11;
				GCC_NO_COMMON_BLOCKS = YES;
				GCC_WARN_64_TO_32_BIT_CONVERSION = YES;
				GCC_WARN_ABOUT_RETURN_TYPE = YES_ERROR;
				GCC_WARN_UNDECLARED_SELECTOR = YES;
				GCC_WARN_UNINITIALIZED_AUTOS = YES_AGGRESSIVE;
				GCC_WARN_UNUSED_FUNCTION = YES;
				GCC_WARN_UNUSED_VARIABLE = YES;
				IPHONEOS_DEPLOYMENT_TARGET = 16.1;
				MTL_ENABLE_DEBUG_INFO = NO;
				MTL_FAST_MATH = YES;
				SDKROOT = iphoneos;
				SWIFT_COMPILATION_MODE = wholemodule;
				SWIFT_OPTIMIZATION_LEVEL = "-O";
				VALIDATE_PRODUCT = YES;
				VERSIONING_SYSTEM = "apple-generic";
				VERSION_INFO_PREFIX = "";
			};
			name = Release;
		};
		1D9050EC295208A300F6B816 /* Debug */ = {
			isa = XCBuildConfiguration;
			baseConfigurationReference = 5EDEB8C7C38F2479F8EF800B /* Pods-Feature.debug.xcconfig */;
			buildSettings = {
				CODE_SIGN_STYLE = Automatic;
				CURRENT_PROJECT_VERSION = 1;
				DEFINES_MODULE = YES;
				DEVELOPMENT_TEAM = 4996BYQS73;
				DYLIB_COMPATIBILITY_VERSION = 1;
				DYLIB_CURRENT_VERSION = 1;
				DYLIB_INSTALL_NAME_BASE = "@rpath";
				GENERATE_INFOPLIST_FILE = YES;
				INFOPLIST_KEY_NSHumanReadableCopyright = "";
				INSTALL_PATH = "$(LOCAL_LIBRARY_DIR)/Frameworks";
				LD_RUNPATH_SEARCH_PATHS = (
					"$(inherited)",
					"@executable_path/Frameworks",
					"@loader_path/Frameworks",
				);
				MARKETING_VERSION = 1.0;
				PRODUCT_BUNDLE_IDENTIFIER = br.com.modules.Feature;
				PRODUCT_NAME = "$(TARGET_NAME:c99extidentifier)";
				SKIP_INSTALL = YES;
				SWIFT_EMIT_LOC_STRINGS = YES;
				SWIFT_VERSION = 5.0;
				TARGETED_DEVICE_FAMILY = "1,2";
			};
			name = Debug;
		};
		1D9050ED295208A300F6B816 /* Release */ = {
			isa = XCBuildConfiguration;
			baseConfigurationReference = FE5C034287CD5DEDECD9B4CB /* Pods-Feature.release.xcconfig */;
			buildSettings = {
				CODE_SIGN_STYLE = Automatic;
				CURRENT_PROJECT_VERSION = 1;
				DEFINES_MODULE = YES;
				DEVELOPMENT_TEAM = 4996BYQS73;
				DYLIB_COMPATIBILITY_VERSION = 1;
				DYLIB_CURRENT_VERSION = 1;
				DYLIB_INSTALL_NAME_BASE = "@rpath";
				GENERATE_INFOPLIST_FILE = YES;
				INFOPLIST_KEY_NSHumanReadableCopyright = "";
				INSTALL_PATH = "$(LOCAL_LIBRARY_DIR)/Frameworks";
				LD_RUNPATH_SEARCH_PATHS = (
					"$(inherited)",
					"@executable_path/Frameworks",
					"@loader_path/Frameworks",
				);
				MARKETING_VERSION = 1.0;
				PRODUCT_BUNDLE_IDENTIFIER = br.com.modules.Feature;
				PRODUCT_NAME = "$(TARGET_NAME:c99extidentifier)";
				SKIP_INSTALL = YES;
				SWIFT_EMIT_LOC_STRINGS = YES;
				SWIFT_VERSION = 5.0;
				TARGETED_DEVICE_FAMILY = "1,2";
			};
			name = Release;
		};
		1D9050EF295208A300F6B816 /* Debug */ = {
			isa = XCBuildConfiguration;
			buildSettings = {
				ALWAYS_EMBED_SWIFT_STANDARD_LIBRARIES = YES;
				CODE_SIGN_STYLE = Automatic;
				CURRENT_PROJECT_VERSION = 1;
				DEVELOPMENT_TEAM = 4996BYQS73;
				GENERATE_INFOPLIST_FILE = YES;
				MARKETING_VERSION = 1.0;
				PRODUCT_BUNDLE_IDENTIFIER = br.com.modules.FeatureTests;
				PRODUCT_NAME = "$(TARGET_NAME)";
				SWIFT_EMIT_LOC_STRINGS = NO;
				SWIFT_VERSION = 5.0;
				TARGETED_DEVICE_FAMILY = "1,2";
			};
			name = Debug;
		};
		1D9050F0295208A300F6B816 /* Release */ = {
			isa = XCBuildConfiguration;
			buildSettings = {
				ALWAYS_EMBED_SWIFT_STANDARD_LIBRARIES = YES;
				CODE_SIGN_STYLE = Automatic;
				CURRENT_PROJECT_VERSION = 1;
				DEVELOPMENT_TEAM = 4996BYQS73;
				GENERATE_INFOPLIST_FILE = YES;
				MARKETING_VERSION = 1.0;
				PRODUCT_BUNDLE_IDENTIFIER = br.com.modules.FeatureTests;
				PRODUCT_NAME = "$(TARGET_NAME)";
				SWIFT_EMIT_LOC_STRINGS = NO;
				SWIFT_VERSION = 5.0;
				TARGETED_DEVICE_FAMILY = "1,2";
			};
			name = Release;
		};
/* End XCBuildConfiguration section */

/* Begin XCConfigurationList section */
		1D9050D1295208A300F6B816 /* Build configuration list for PBXProject "Feature" */ = {
			isa = XCConfigurationList;
			buildConfigurations = (
				1D9050E9295208A300F6B816 /* Debug */,
				1D9050EA295208A300F6B816 /* Release */,
			);
			defaultConfigurationIsVisible = 0;
			defaultConfigurationName = Release;
		};
		1D9050EB295208A300F6B816 /* Build configuration list for PBXNativeTarget "Feature" */ = {
			isa = XCConfigurationList;
			buildConfigurations = (
				1D9050EC295208A300F6B816 /* Debug */,
				1D9050ED295208A300F6B816 /* Release */,
			);
			defaultConfigurationIsVisible = 0;
			defaultConfigurationName = Release;
		};
		1D9050EE295208A300F6B816 /* Build configuration list for PBXNativeTarget "FeatureTests" */ = {
			isa = XCConfigurationList;
			buildConfigurations = (
				1D9050EF295208A300F6B816 /* Debug */,
				1D9050F0295208A300F6B816 /* Release */,
			);
			defaultConfigurationIsVisible = 0;
			defaultConfigurationName = Release;
		};
/* End XCConfigurationList section */
	};
	rootObject = 1D9050CE295208A300F6B816 /* Project object */;
}
