// !$*UTF8*$!
{
	archiveVersion = 1;
	classes = {
	};
	objectVersion = 56;
	objects = {

/* Begin PBXBuildFile section */
		1D99963929520FB4003AC147 /* NetworkCoreInterface.docc in Sources */ = {isa = PBXBuildFile; fileRef = 1D99963829520FB4003AC147 /* NetworkCoreInterface.docc */; };
		1D99963F29520FB5003AC147 /* NetworkCoreInterface.framework in Frameworks */ = {isa = PBXBuildFile; fileRef = 1D99963429520FB4003AC147 /* NetworkCoreInterface.framework */; };
		1D99964429520FB5003AC147 /* NetworkCoreInterfaceTests.swift in Sources */ = {isa = PBXBuildFile; fileRef = 1D99964329520FB5003AC147 /* NetworkCoreInterfaceTests.swift */; };
		1D99964529520FB5003AC147 /* NetworkCoreInterface.h in Headers */ = {isa = PBXBuildFile; fileRef = 1D99963729520FB4003AC147 /* NetworkCoreInterface.h */; settings = {ATTRIBUTES = (Public, ); }; };
		1D99964F29521052003AC147 /* NetworkCoreProtocols.swift in Sources */ = {isa = PBXBuildFile; fileRef = 1D99964E29521052003AC147 /* NetworkCoreProtocols.swift */; };
		4076034D2E9B914321D048AA /* Pods_NetworkCoreInterface.framework in Frameworks */ = {isa = PBXBuildFile; fileRef = E030499423FD1AF7E0743CD3 /* Pods_NetworkCoreInterface.framework */; };
/* End PBXBuildFile section */

/* Begin PBXContainerItemProxy section */
		1D99964029520FB5003AC147 /* PBXContainerItemProxy */ = {
			isa = PBXContainerItemProxy;
			containerPortal = 1D99962B29520FB4003AC147 /* Project object */;
			proxyType = 1;
			remoteGlobalIDString = 1D99963329520FB4003AC147;
			remoteInfo = NetworkCoreInterface;
		};
/* End PBXContainerItemProxy section */

/* Begin PBXFileReference section */
		1D99963429520FB4003AC147 /* NetworkCoreInterface.framework */ = {isa = PBXFileReference; explicitFileType = wrapper.framework; includeInIndex = 0; path = NetworkCoreInterface.framework; sourceTree = BUILT_PRODUCTS_DIR; };
		1D99963729520FB4003AC147 /* NetworkCoreInterface.h */ = {isa = PBXFileReference; lastKnownFileType = sourcecode.c.h; path = NetworkCoreInterface.h; sourceTree = "<group>"; };
		1D99963829520FB4003AC147 /* NetworkCoreInterface.docc */ = {isa = PBXFileReference; lastKnownFileType = folder.documentationcatalog; path = NetworkCoreInterface.docc; sourceTree = "<group>"; };
		1D99963E29520FB5003AC147 /* NetworkCoreInterfaceTests.xctest */ = {isa = PBXFileReference; explicitFileType = wrapper.cfbundle; includeInIndex = 0; path = NetworkCoreInterfaceTests.xctest; sourceTree = BUILT_PRODUCTS_DIR; };
		1D99964329520FB5003AC147 /* NetworkCoreInterfaceTests.swift */ = {isa = PBXFileReference; lastKnownFileType = sourcecode.swift; path = NetworkCoreInterfaceTests.swift; sourceTree = "<group>"; };
		1D99964E29521052003AC147 /* NetworkCoreProtocols.swift */ = {isa = PBXFileReference; lastKnownFileType = sourcecode.swift; path = NetworkCoreProtocols.swift; sourceTree = "<group>"; };
		8D334F7D3CEA0C108AA825FB /* Pods-NetworkCoreInterface.debug.xcconfig */ = {isa = PBXFileReference; includeInIndex = 1; lastKnownFileType = text.xcconfig; name = "Pods-NetworkCoreInterface.debug.xcconfig"; path = "Target Support Files/Pods-NetworkCoreInterface/Pods-NetworkCoreInterface.debug.xcconfig"; sourceTree = "<group>"; };
		9037D5AC7CA7D92CA2224CFF /* Pods-NetworkCoreInterface.release.xcconfig */ = {isa = PBXFileReference; includeInIndex = 1; lastKnownFileType = text.xcconfig; name = "Pods-NetworkCoreInterface.release.xcconfig"; path = "Target Support Files/Pods-NetworkCoreInterface/Pods-NetworkCoreInterface.release.xcconfig"; sourceTree = "<group>"; };
		E030499423FD1AF7E0743CD3 /* Pods_NetworkCoreInterface.framework */ = {isa = PBXFileReference; explicitFileType = wrapper.framework; includeInIndex = 0; path = Pods_NetworkCoreInterface.framework; sourceTree = BUILT_PRODUCTS_DIR; };
/* End PBXFileReference section */

/* Begin PBXFrameworksBuildPhase section */
		1D99963129520FB4003AC147 /* Frameworks */ = {
			isa = PBXFrameworksBuildPhase;
			buildActionMask = 2147483647;
			files = (
				4076034D2E9B914321D048AA /* Pods_NetworkCoreInterface.framework in Frameworks */,
			);
			runOnlyForDeploymentPostprocessing = 0;
		};
		1D99963B29520FB5003AC147 /* Frameworks */ = {
			isa = PBXFrameworksBuildPhase;
			buildActionMask = 2147483647;
			files = (
				1D99963F29520FB5003AC147 /* NetworkCoreInterface.framework in Frameworks */,
			);
			runOnlyForDeploymentPostprocessing = 0;
		};
/* End PBXFrameworksBuildPhase section */

/* Begin PBXGroup section */
		157E9BEB2E22AB760F730C5F /* Frameworks */ = {
			isa = PBXGroup;
			children = (
				E030499423FD1AF7E0743CD3 /* Pods_NetworkCoreInterface.framework */,
			);
			name = Frameworks;
			sourceTree = "<group>";
		};
		1D99962A29520FB4003AC147 = {
			isa = PBXGroup;
			children = (
				1D99963629520FB4003AC147 /* NetworkCoreInterface */,
				1D99964229520FB5003AC147 /* NetworkCoreInterfaceTests */,
				1D99963529520FB4003AC147 /* Products */,
				E05B4272C3CAA6BBE5221B10 /* Pods */,
				157E9BEB2E22AB760F730C5F /* Frameworks */,
			);
			sourceTree = "<group>";
		};
		1D99963529520FB4003AC147 /* Products */ = {
			isa = PBXGroup;
			children = (
				1D99963429520FB4003AC147 /* NetworkCoreInterface.framework */,
				1D99963E29520FB5003AC147 /* NetworkCoreInterfaceTests.xctest */,
			);
			name = Products;
			sourceTree = "<group>";
		};
		1D99963629520FB4003AC147 /* NetworkCoreInterface */ = {
			isa = PBXGroup;
			children = (
				1D99963729520FB4003AC147 /* NetworkCoreInterface.h */,
				1D99963829520FB4003AC147 /* NetworkCoreInterface.docc */,
				1D99964E29521052003AC147 /* NetworkCoreProtocols.swift */,
			);
			path = NetworkCoreInterface;
			sourceTree = "<group>";
		};
		1D99964229520FB5003AC147 /* NetworkCoreInterfaceTests */ = {
			isa = PBXGroup;
			children = (
				1D99964329520FB5003AC147 /* NetworkCoreInterfaceTests.swift */,
			);
			path = NetworkCoreInterfaceTests;
			sourceTree = "<group>";
		};
		E05B4272C3CAA6BBE5221B10 /* Pods */ = {
			isa = PBXGroup;
			children = (
				8D334F7D3CEA0C108AA825FB /* Pods-NetworkCoreInterface.debug.xcconfig */,
				9037D5AC7CA7D92CA2224CFF /* Pods-NetworkCoreInterface.release.xcconfig */,
			);
			name = Pods;
			path = ../Pods;
			sourceTree = "<group>";
		};
/* End PBXGroup section */

/* Begin PBXHeadersBuildPhase section */
		1D99962F29520FB4003AC147 /* Headers */ = {
			isa = PBXHeadersBuildPhase;
			buildActionMask = 2147483647;
			files = (
				1D99964529520FB5003AC147 /* NetworkCoreInterface.h in Headers */,
			);
			runOnlyForDeploymentPostprocessing = 0;
		};
/* End PBXHeadersBuildPhase section */

/* Begin PBXNativeTarget section */
		1D99963329520FB4003AC147 /* NetworkCoreInterface */ = {
			isa = PBXNativeTarget;
			buildConfigurationList = 1D99964829520FB5003AC147 /* Build configuration list for PBXNativeTarget "NetworkCoreInterface" */;
			buildPhases = (
				835668EB088FD0DAEB48B41D /* [CP] Check Pods Manifest.lock */,
				1D99962F29520FB4003AC147 /* Headers */,
				1D99963029520FB4003AC147 /* Sources */,
				1D99963129520FB4003AC147 /* Frameworks */,
				1D99963229520FB4003AC147 /* Resources */,
			);
			buildRules = (
			);
			dependencies = (
			);
			name = NetworkCoreInterface;
			productName = NetworkCoreInterface;
			productReference = 1D99963429520FB4003AC147 /* NetworkCoreInterface.framework */;
			productType = "com.apple.product-type.framework";
		};
		1D99963D29520FB5003AC147 /* NetworkCoreInterfaceTests */ = {
			isa = PBXNativeTarget;
			buildConfigurationList = 1D99964B29520FB5003AC147 /* Build configuration list for PBXNativeTarget "NetworkCoreInterfaceTests" */;
			buildPhases = (
				1D99963A29520FB5003AC147 /* Sources */,
				1D99963B29520FB5003AC147 /* Frameworks */,
				1D99963C29520FB5003AC147 /* Resources */,
			);
			buildRules = (
			);
			dependencies = (
				1D99964129520FB5003AC147 /* PBXTargetDependency */,
			);
			name = NetworkCoreInterfaceTests;
			productName = NetworkCoreInterfaceTests;
			productReference = 1D99963E29520FB5003AC147 /* NetworkCoreInterfaceTests.xctest */;
			productType = "com.apple.product-type.bundle.unit-test";
		};
/* End PBXNativeTarget section */

/* Begin PBXProject section */
		1D99962B29520FB4003AC147 /* Project object */ = {
			isa = PBXProject;
			attributes = {
				BuildIndependentTargetsInParallel = 1;
				LastSwiftUpdateCheck = 1410;
				LastUpgradeCheck = 1410;
				TargetAttributes = {
					1D99963329520FB4003AC147 = {
						CreatedOnToolsVersion = 14.1;
					};
					1D99963D29520FB5003AC147 = {
						CreatedOnToolsVersion = 14.1;
					};
				};
			};
			buildConfigurationList = 1D99962E29520FB4003AC147 /* Build configuration list for PBXProject "NetworkCoreInterface" */;
			compatibilityVersion = "Xcode 14.0";
			developmentRegion = en;
			hasScannedForEncodings = 0;
			knownRegions = (
				en,
				Base,
			);
			mainGroup = 1D99962A29520FB4003AC147;
			productRefGroup = 1D99963529520FB4003AC147 /* Products */;
			projectDirPath = "";
			projectRoot = "";
			targets = (
				1D99963329520FB4003AC147 /* NetworkCoreInterface */,
				1D99963D29520FB5003AC147 /* NetworkCoreInterfaceTests */,
			);
		};
/* End PBXProject section */

/* Begin PBXResourcesBuildPhase section */
		1D99963229520FB4003AC147 /* Resources */ = {
			isa = PBXResourcesBuildPhase;
			buildActionMask = 2147483647;
			files = (
			);
			runOnlyForDeploymentPostprocessing = 0;
		};
		1D99963C29520FB5003AC147 /* Resources */ = {
			isa = PBXResourcesBuildPhase;
			buildActionMask = 2147483647;
			files = (
			);
			runOnlyForDeploymentPostprocessing = 0;
		};
/* End PBXResourcesBuildPhase section */

/* Begin PBXShellScriptBuildPhase section */
		835668EB088FD0DAEB48B41D /* [CP] Check Pods Manifest.lock */ = {
			isa = PBXShellScriptBuildPhase;
			buildActionMask = 2147483647;
			files = (
			);
			inputFileListPaths = (
			);
			inputPaths = (
				"${PODS_PODFILE_DIR_PATH}/Podfile.lock",
				"${PODS_ROOT}/Manifest.lock",
			);
			name = "[CP] Check Pods Manifest.lock";
			outputFileListPaths = (
			);
			outputPaths = (
				"$(DERIVED_FILE_DIR)/Pods-NetworkCoreInterface-checkManifestLockResult.txt",
			);
			runOnlyForDeploymentPostprocessing = 0;
			shellPath = /bin/sh;
			shellScript = "diff \"${PODS_PODFILE_DIR_PATH}/Podfile.lock\" \"${PODS_ROOT}/Manifest.lock\" > /dev/null\nif [ $? != 0 ] ; then\n    # print error to STDERR\n    echo \"error: The sandbox is not in sync with the Podfile.lock. Run 'pod install' or update your CocoaPods installation.\" >&2\n    exit 1\nfi\n# This output is used by Xcode 'outputs' to avoid re-running this script phase.\necho \"SUCCESS\" > \"${SCRIPT_OUTPUT_FILE_0}\"\n";
			showEnvVarsInLog = 0;
		};
/* End PBXShellScriptBuildPhase section */

/* Begin PBXSourcesBuildPhase section */
		1D99963029520FB4003AC147 /* Sources */ = {
			isa = PBXSourcesBuildPhase;
			buildActionMask = 2147483647;
			files = (
				1D99963929520FB4003AC147 /* NetworkCoreInterface.docc in Sources */,
				1D99964F29521052003AC147 /* NetworkCoreProtocols.swift in Sources */,
			);
			runOnlyForDeploymentPostprocessing = 0;
		};
		1D99963A29520FB5003AC147 /* Sources */ = {
			isa = PBXSourcesBuildPhase;
			buildActionMask = 2147483647;
			files = (
				1D99964429520FB5003AC147 /* NetworkCoreInterfaceTests.swift in Sources */,
			);
			runOnlyForDeploymentPostprocessing = 0;
		};
/* End PBXSourcesBuildPhase section */

/* Begin PBXTargetDependency section */
		1D99964129520FB5003AC147 /* PBXTargetDependency */ = {
			isa = PBXTargetDependency;
			target = 1D99963329520FB4003AC147 /* NetworkCoreInterface */;
			targetProxy = 1D99964029520FB5003AC147 /* PBXContainerItemProxy */;
		};
/* End PBXTargetDependency section */

/* Begin XCBuildConfiguration section */
		1D99964629520FB5003AC147 /* Debug */ = {
			isa = XCBuildConfiguration;
			buildSettings = {
				ALWAYS_SEARCH_USER_PATHS = NO;
				CLANG_ANALYZER_NONNULL = YES;
				CLANG_ANALYZER_NUMBER_OBJECT_CONVERSION = YES_AGGRESSIVE;
				CLANG_CXX_LANGUAGE_STANDARD = "gnu++20";
				CLANG_ENABLE_MODULES = YES;
				CLANG_ENABLE_OBJC_ARC = YES;
				CLANG_ENABLE_OBJC_WEAK = YES;
				CLANG_WARN_BLOCK_CAPTURE_AUTORELEASING = YES;
				CLANG_WARN_BOOL_CONVERSION = YES;
				CLANG_WARN_COMMA = YES;
				CLANG_WARN_CONSTANT_CONVERSION = YES;
				CLANG_WARN_DEPRECATED_OBJC_IMPLEMENTATIONS = YES;
				CLANG_WARN_DIRECT_OBJC_ISA_USAGE = YES_ERROR;
				CLANG_WARN_DOCUMENTATION_COMMENTS = YES;
				CLANG_WARN_EMPTY_BODY = YES;
				CLANG_WARN_ENUM_CONVERSION = YES;
				CLANG_WARN_INFINITE_RECURSION = YES;
				CLANG_WARN_INT_CONVERSION = YES;
				CLANG_WARN_NON_LITERAL_NULL_CONVERSION = YES;
				CLANG_WARN_OBJC_IMPLICIT_RETAIN_SELF = YES;
				CLANG_WARN_OBJC_LITERAL_CONVERSION = YES;
				CLANG_WARN_OBJC_ROOT_CLASS = YES_ERROR;
				CLANG_WARN_QUOTED_INCLUDE_IN_FRAMEWORK_HEADER = YES;
				CLANG_WARN_RANGE_LOOP_ANALYSIS = YES;
				CLANG_WARN_STRICT_PROTOTYPES = YES;
				CLANG_WARN_SUSPICIOUS_MOVE = YES;
				CLANG_WARN_UNGUARDED_AVAILABILITY = YES_AGGRESSIVE;
				CLANG_WARN_UNREACHABLE_CODE = YES;
				CLANG_WARN__DUPLICATE_METHOD_MATCH = YES;
				COPY_PHASE_STRIP = NO;
				CURRENT_PROJECT_VERSION = 1;
				DEBUG_INFORMATION_FORMAT = dwarf;
				ENABLE_STRICT_OBJC_MSGSEND = YES;
				ENABLE_TESTABILITY = YES;
				GCC_C_LANGUAGE_STANDARD = gnu11;
				GCC_DYNAMIC_NO_PIC = NO;
				GCC_NO_COMMON_BLOCKS = YES;
				GCC_OPTIMIZATION_LEVEL = 0;
				GCC_PREPROCESSOR_DEFINITIONS = (
					"DEBUG=1",
					"$(inherited)",
				);
				GCC_WARN_64_TO_32_BIT_CONVERSION = YES;
				GCC_WARN_ABOUT_RETURN_TYPE = YES_ERROR;
				GCC_WARN_UNDECLARED_SELECTOR = YES;
				GCC_WARN_UNINITIALIZED_AUTOS = YES_AGGRESSIVE;
				GCC_WARN_UNUSED_FUNCTION = YES;
				GCC_WARN_UNUSED_VARIABLE = YES;
				IPHONEOS_DEPLOYMENT_TARGET = 16.1;
				MTL_ENABLE_DEBUG_INFO = INCLUDE_SOURCE;
				MTL_FAST_MATH = YES;
				ONLY_ACTIVE_ARCH = YES;
				SDKROOT = iphoneos;
				SWIFT_ACTIVE_COMPILATION_CONDITIONS = DEBUG;
				SWIFT_OPTIMIZATION_LEVEL = "-Onone";
				VERSIONING_SYSTEM = "apple-generic";
				VERSION_INFO_PREFIX = "";
			};
			name = Debug;
		};
		1D99964729520FB5003AC147 /* Release */ = {
			isa = XCBuildConfiguration;
			buildSettings = {
				ALWAYS_SEARCH_USER_PATHS = NO;
				CLANG_ANALYZER_NONNULL = YES;
				CLANG_ANALYZER_NUMBER_OBJECT_CONVERSION = YES_AGGRESSIVE;
				CLANG_CXX_LANGUAGE_STANDARD = "gnu++20";
				CLANG_ENABLE_MODULES = YES;
				CLANG_ENABLE_OBJC_ARC = YES;
				CLANG_ENABLE_OBJC_WEAK = YES;
				CLANG_WARN_BLOCK_CAPTURE_AUTORELEASING = YES;
				CLANG_WARN_BOOL_CONVERSION = YES;
				CLANG_WARN_COMMA = YES;
				CLANG_WARN_CONSTANT_CONVERSION = YES;
				CLANG_WARN_DEPRECATED_OBJC_IMPLEMENTATIONS = YES;
				CLANG_WARN_DIRECT_OBJC_ISA_USAGE = YES_ERROR;
				CLANG_WARN_DOCUMENTATION_COMMENTS = YES;
				CLANG_WARN_EMPTY_BODY = YES;
				CLANG_WARN_ENUM_CONVERSION = YES;
				CLANG_WARN_INFINITE_RECURSION = YES;
				CLANG_WARN_INT_CONVERSION = YES;
				CLANG_WARN_NON_LITERAL_NULL_CONVERSION = YES;
				CLANG_WARN_OBJC_IMPLICIT_RETAIN_SELF = YES;
				CLANG_WARN_OBJC_LITERAL_CONVERSION = YES;
				CLANG_WARN_OBJC_ROOT_CLASS = YES_ERROR;
				CLANG_WARN_QUOTED_INCLUDE_IN_FRAMEWORK_HEADER = YES;
				CLANG_WARN_RANGE_LOOP_ANALYSIS = YES;
				CLANG_WARN_STRICT_PROTOTYPES = YES;
				CLANG_WARN_SUSPICIOUS_MOVE = YES;
				CLANG_WARN_UNGUARDED_AVAILABILITY = YES_AGGRESSIVE;
				CLANG_WARN_UNREACHABLE_CODE = YES;
				CLANG_WARN__DUPLICATE_METHOD_MATCH = YES;
				COPY_PHASE_STRIP = NO;
				CURRENT_PROJECT_VERSION = 1;
				DEBUG_INFORMATION_FORMAT = "dwarf-with-dsym";
				ENABLE_NS_ASSERTIONS = NO;
				ENABLE_STRICT_OBJC_MSGSEND = YES;
				GCC_C_LANGUAGE_STANDARD = gnu11;
				GCC_NO_COMMON_BLOCKS = YES;
				GCC_WARN_64_TO_32_BIT_CONVERSION = YES;
				GCC_WARN_ABOUT_RETURN_TYPE = YES_ERROR;
				GCC_WARN_UNDECLARED_SELECTOR = YES;
				GCC_WARN_UNINITIALIZED_AUTOS = YES_AGGRESSIVE;
				GCC_WARN_UNUSED_FUNCTION = YES;
				GCC_WARN_UNUSED_VARIABLE = YES;
				IPHONEOS_DEPLOYMENT_TARGET = 16.1;
				MTL_ENABLE_DEBUG_INFO = NO;
				MTL_FAST_MATH = YES;
				SDKROOT = iphoneos;
				SWIFT_COMPILATION_MODE = wholemodule;
				SWIFT_OPTIMIZATION_LEVEL = "-O";
				VALIDATE_PRODUCT = YES;
				VERSIONING_SYSTEM = "apple-generic";
				VERSION_INFO_PREFIX = "";
			};
			name = Release;
		};
		1D99964929520FB5003AC147 /* Debug */ = {
			isa = XCBuildConfiguration;
			baseConfigurationReference = 8D334F7D3CEA0C108AA825FB /* Pods-NetworkCoreInterface.debug.xcconfig */;
			buildSettings = {
				CODE_SIGN_STYLE = Automatic;
				CURRENT_PROJECT_VERSION = 1;
				DEFINES_MODULE = YES;
				DEVELOPMENT_TEAM = 4996BYQS73;
				DYLIB_COMPATIBILITY_VERSION = 1;
				DYLIB_CURRENT_VERSION = 1;
				DYLIB_INSTALL_NAME_BASE = "@rpath";
				GENERATE_INFOPLIST_FILE = YES;
				INFOPLIST_KEY_NSHumanReadableCopyright = "";
				INSTALL_PATH = "$(LOCAL_LIBRARY_DIR)/Frameworks";
				LD_RUNPATH_SEARCH_PATHS = (
					"$(inherited)",
					"@executable_path/Frameworks",
					"@loader_path/Frameworks",
				);
				MARKETING_VERSION = 1.0;
				PRODUCT_BUNDLE_IDENTIFIER = br.com.modules.NetworkCoreInterface;
				PRODUCT_NAME = "$(TARGET_NAME:c99extidentifier)";
				SKIP_INSTALL = YES;
				SWIFT_EMIT_LOC_STRINGS = YES;
				SWIFT_VERSION = 5.0;
				TARGETED_DEVICE_FAMILY = "1,2";
			};
			name = Debug;
		};
		1D99964A29520FB5003AC147 /* Release */ = {
			isa = XCBuildConfiguration;
			baseConfigurationReference = 9037D5AC7CA7D92CA2224CFF /* Pods-NetworkCoreInterface.release.xcconfig */;
			buildSettings = {
				CODE_SIGN_STYLE = Automatic;
				CURRENT_PROJECT_VERSION = 1;
				DEFINES_MODULE = YES;
				DEVELOPMENT_TEAM = 4996BYQS73;
				DYLIB_COMPATIBILITY_VERSION = 1;
				DYLIB_CURRENT_VERSION = 1;
				DYLIB_INSTALL_NAME_BASE = "@rpath";
				GENERATE_INFOPLIST_FILE = YES;
				INFOPLIST_KEY_NSHumanReadableCopyright = "";
				INSTALL_PATH = "$(LOCAL_LIBRARY_DIR)/Frameworks";
				LD_RUNPATH_SEARCH_PATHS = (
					"$(inherited)",
					"@executable_path/Frameworks",
					"@loader_path/Frameworks",
				);
				MARKETING_VERSION = 1.0;
				PRODUCT_BUNDLE_IDENTIFIER = br.com.modules.NetworkCoreInterface;
				PRODUCT_NAME = "$(TARGET_NAME:c99extidentifier)";
				SKIP_INSTALL = YES;
				SWIFT_EMIT_LOC_STRINGS = YES;
				SWIFT_VERSION = 5.0;
				TARGETED_DEVICE_FAMILY = "1,2";
			};
			name = Release;
		};
		1D99964C29520FB5003AC147 /* Debug */ = {
			isa = XCBuildConfiguration;
			buildSettings = {
				ALWAYS_EMBED_SWIFT_STANDARD_LIBRARIES = YES;
				CODE_SIGN_STYLE = Automatic;
				CURRENT_PROJECT_VERSION = 1;
				DEVELOPMENT_TEAM = 4996BYQS73;
				GENERATE_INFOPLIST_FILE = YES;
				MARKETING_VERSION = 1.0;
				PRODUCT_BUNDLE_IDENTIFIER = br.com.modules.NetworkCoreInterfaceTests;
				PRODUCT_NAME = "$(TARGET_NAME)";
				SWIFT_EMIT_LOC_STRINGS = NO;
				SWIFT_VERSION = 5.0;
				TARGETED_DEVICE_FAMILY = "1,2";
			};
			name = Debug;
		};
		1D99964D29520FB5003AC147 /* Release */ = {
			isa = XCBuildConfiguration;
			buildSettings = {
				ALWAYS_EMBED_SWIFT_STANDARD_LIBRARIES = YES;
				CODE_SIGN_STYLE = Automatic;
				CURRENT_PROJECT_VERSION = 1;
				DEVELOPMENT_TEAM = 4996BYQS73;
				GENERATE_INFOPLIST_FILE = YES;
				MARKETING_VERSION = 1.0;
				PRODUCT_BUNDLE_IDENTIFIER = br.com.modules.NetworkCoreInterfaceTests;
				PRODUCT_NAME = "$(TARGET_NAME)";
				SWIFT_EMIT_LOC_STRINGS = NO;
				SWIFT_VERSION = 5.0;
				TARGETED_DEVICE_FAMILY = "1,2";
			};
			name = Release;
		};
/* End XCBuildConfiguration section */

/* Begin XCConfigurationList section */
		1D99962E29520FB4003AC147 /* Build configuration list for PBXProject "NetworkCoreInterface" */ = {
			isa = XCConfigurationList;
			buildConfigurations = (
				1D99964629520FB5003AC147 /* Debug */,
				1D99964729520FB5003AC147 /* Release */,
			);
			defaultConfigurationIsVisible = 0;
			defaultConfigurationName = Release;
		};
		1D99964829520FB5003AC147 /* Build configuration list for PBXNativeTarget "NetworkCoreInterface" */ = {
			isa = XCConfigurationList;
			buildConfigurations = (
				1D99964929520FB5003AC147 /* Debug */,
				1D99964A29520FB5003AC147 /* Release */,
			);
			defaultConfigurationIsVisible = 0;
			defaultConfigurationName = Release;
		};
		1D99964B29520FB5003AC147 /* Build configuration list for PBXNativeTarget "NetworkCoreInterfaceTests" */ = {
			isa = XCConfigurationList;
			buildConfigurations = (
				1D99964C29520FB5003AC147 /* Debug */,
				1D99964D29520FB5003AC147 /* Release */,
			);
			defaultConfigurationIsVisible = 0;
			defaultConfigurationName = Release;
		};
/* End XCConfigurationList section */
	};
	rootObject = 1D99962B29520FB4003AC147 /* Project object */;
}
